
Microsoft Visual Studio Solution File, Format Version 12.00
# Visual Studio Version 17
VisualStudioVersion = 17.12.35506.116 d17.12
MinimumVisualStudioVersion = 10.0.40219.1
Project("{FAE04EC0-301F-11D3-BF4B-00C04F79EFBC}") = "Abstracciones", "Abstracciones\Abstracciones.csproj", "{F6A4DA27-11DE-4E84-A368-6D1EC999BC54}"
EndProject
Project("{00D1A9C2-B5F0-4AF3-8072-F6C62B433612}") = "BD", "BD\BD.sqlproj", "{29857BEB-1522-4E24-9E07-681071A28CA6}"
EndProject
Project("{FAE04EC0-301F-11D3-BF4B-00C04F79EFBC}") = "DA", "DA\DA.csproj", "{DEB5EFFA-602E-413C-B659-C52382790882}"
EndProject
Project("{FAE04EC0-301F-11D3-BF4B-00C04F79EFBC}") = "Flujo", "Flujo\Flujo.csproj", "{4521C970-8B0B-416E-A100-3002B4260A11}"
EndProject
Project("{FAE04EC0-301F-11D3-BF4B-00C04F79EFBC}") = "API", "API\API.csproj", "{1C46D60B-06FE-4F7C-AB0B-1043B12E4969}"
EndProject
Global
	GlobalSection(SolutionConfigurationPlatforms) = preSolution
		Debug|Any CPU = Debug|Any CPU
		Release|Any CPU = Release|Any CPU
	EndGlobalSection
	GlobalSection(ProjectConfigurationPlatforms) = postSolution
		{F6A4DA27-11DE-4E84-A368-6D1EC999BC54}.Debug|Any CPU.ActiveCfg = Debug|Any CPU
		{F6A4DA27-11DE-4E84-A368-6D1EC999BC54}.Debug|Any CPU.Build.0 = Debug|Any CPU
		{F6A4DA27-11DE-4E84-A368-6D1EC999BC54}.Release|Any CPU.ActiveCfg = Release|Any CPU
		{F6A4DA27-11DE-4E84-A368-6D1EC999BC54}.Release|Any CPU.Build.0 = Release|Any CPU
		{29857BEB-1522-4E24-9E07-681071A28CA6}.Debug|Any CPU.ActiveCfg = Debug|Any CPU
		{29857BEB-1522-4E24-9E07-681071A28CA6}.Debug|Any CPU.Build.0 = Debug|Any CPU
		{29857BEB-1522-4E24-9E07-681071A28CA6}.Debug|Any CPU.Deploy.0 = Debug|Any CPU
		{29857BEB-1522-4E24-9E07-681071A28CA6}.Release|Any CPU.ActiveCfg = Release|Any CPU
		{29857BEB-1522-4E24-9E07-681071A28CA6}.Release|Any CPU.Build.0 = Release|Any CPU
		{29857BEB-1522-4E24-9E07-681071A28CA6}.Release|Any CPU.Deploy.0 = Release|Any CPU
		{DEB5EFFA-602E-413C-B659-C52382790882}.Debug|Any CPU.ActiveCfg = Debug|Any CPU
		{DEB5EFFA-602E-413C-B659-C52382790882}.Debug|Any CPU.Build.0 = Debug|Any CPU
		{DEB5EFFA-602E-413C-B659-C52382790882}.Release|Any CPU.ActiveCfg = Release|Any CPU
		{DEB5EFFA-602E-413C-B659-C52382790882}.Release|Any CPU.Build.0 = Release|Any CPU
		{4521C970-8B0B-416E-A100-3002B4260A11}.Debug|Any CPU.ActiveCfg = Debug|Any CPU
		{4521C970-8B0B-416E-A100-3002B4260A11}.Debug|Any CPU.Build.0 = Debug|Any CPU
		{4521C970-8B0B-416E-A100-3002B4260A11}.Release|Any CPU.ActiveCfg = Release|Any CPU
		{4521C970-8B0B-416E-A100-3002B4260A11}.Release|Any CPU.Build.0 = Release|Any CPU
		{1C46D60B-06FE-4F7C-AB0B-1043B12E4969}.Debug|Any CPU.ActiveCfg = Debug|Any CPU
		{1C46D60B-06FE-4F7C-AB0B-1043B12E4969}.Debug|Any CPU.Build.0 = Debug|Any CPU
		{1C46D60B-06FE-4F7C-AB0B-1043B12E4969}.Release|Any CPU.ActiveCfg = Release|Any CPU
		{1C46D60B-06FE-4F7C-AB0B-1043B12E4969}.Release|Any CPU.Build.0 = Release|Any CPU
	EndGlobalSection
	GlobalSection(SolutionProperties) = preSolution
		HideSolutionNode = FALSE
	EndGlobalSection
EndGlobal
